
Microsoft Visual Studio Solution File, Format Version 12.00
# Visual Studio Version 17
VisualStudioVersion = 17.1.32421.90
MinimumVisualStudioVersion = 10.0.40219.1
Project("{FAE04EC0-301F-11D3-BF4B-00C04F79EFBC}") = "Galactica_[unilogin]", "Galactica_[unilogin]\Galactica_[unilogin].csproj", "{3BB6D942-5C2A-4938-AF49-2E6E7A0BE03E}"
EndProject
Global
	GlobalSection(SolutionConfigurationPlatforms) = preSolution
		Debug|Any CPU = Debug|Any CPU
		Release|Any CPU = Release|Any CPU
	EndGlobalSection
	GlobalSection(ProjectConfigurationPlatforms) = postSolution
		{3BB6D942-5C2A-4938-AF49-2E6E7A0BE03E}.Debug|Any CPU.ActiveCfg = Debug|Any CPU
		{3BB6D942-5C2A-4938-AF49-2E6E7A0BE03E}.Debug|Any CPU.Build.0 = Debug|Any CPU
		{3BB6D942-5C2A-4938-AF49-2E6E7A0BE03E}.Release|Any CPU.ActiveCfg = Release|Any CPU
		{3BB6D942-5C2A-4938-AF49-2E6E7A0BE03E}.Release|Any CPU.Build.0 = Release|Any CPU
	EndGlobalSection
	GlobalSection(SolutionProperties) = preSolution
		HideSolutionNode = FALSE
	EndGlobalSection
	GlobalSection(ExtensibilityGlobals) = postSolution
		SolutionGuid = {167B2F01-E958-4FDB-BDBD-BB80E01AA0FB}
	EndGlobalSection
EndGlobal
